// !$*UTF8*$!
{
	archiveVersion = 1;
	classes = {
	};
	objectVersion = 56;
	objects = {

/* Begin PBXBuildFile section */
		570AF5EF2A4C47480085A64A /* CustomTextField.swift in Sources */ = {isa = PBXBuildFile; fileRef = 570AF5EE2A4C47480085A64A /* CustomTextField.swift */; };
		57202AA72A5491A80063D393 /* ProfileView.swift in Sources */ = {isa = PBXBuildFile; fileRef = 57202AA62A5491A80063D393 /* ProfileView.swift */; };
		5729FD112A52ED2E0064198B /* SideMenu.swift in Sources */ = {isa = PBXBuildFile; fileRef = 5729FD102A52ED2E0064198B /* SideMenu.swift */; };
		5729FD142A52EDE90064198B /* HomeView.swift in Sources */ = {isa = PBXBuildFile; fileRef = 5729FD132A52EDE90064198B /* HomeView.swift */; };
		5729FD162A531EAC0064198B /* GroupsView.swift in Sources */ = {isa = PBXBuildFile; fileRef = 5729FD152A531EAC0064198B /* GroupsView.swift */; };
		572B56C72A49A86A00B36DE9 /* CustomFont.swift in Sources */ = {isa = PBXBuildFile; fileRef = 572B56C62A49A86A00B36DE9 /* CustomFont.swift */; };
		574665BE2A4EEF600059F0B4 /* TabBar.swift in Sources */ = {isa = PBXBuildFile; fileRef = 574665BD2A4EEF600059F0B4 /* TabBar.swift */; };
		574665C02A4F0EDB0059F0B4 /* ContentView.swift in Sources */ = {isa = PBXBuildFile; fileRef = 574665BF2A4F0EDB0059F0B4 /* ContentView.swift */; };
		5784DF872A49E1780098891C /* Poppins-Bold.ttf in Resources */ = {isa = PBXBuildFile; fileRef = 5784DF842A49E1780098891C /* Poppins-Bold.ttf */; };
		5784DF882A49E1780098891C /* Inter-SemiBold.ttf in Resources */ = {isa = PBXBuildFile; fileRef = 5784DF852A49E1780098891C /* Inter-SemiBold.ttf */; };
		5784DF892A49E1780098891C /* Inter-Regular.ttf in Resources */ = {isa = PBXBuildFile; fileRef = 5784DF862A49E1780098891C /* Inter-Regular.ttf */; };
		57CAAC522A45A97B000B1F56 /* SlickUIApp.swift in Sources */ = {isa = PBXBuildFile; fileRef = 57CAAC512A45A97B000B1F56 /* SlickUIApp.swift */; };
		57CAAC562A45A97C000B1F56 /* Assets.xcassets in Resources */ = {isa = PBXBuildFile; fileRef = 57CAAC552A45A97C000B1F56 /* Assets.xcassets */; };
		57CAAC592A45A97C000B1F56 /* Preview Assets.xcassets in Resources */ = {isa = PBXBuildFile; fileRef = 57CAAC582A45A97C000B1F56 /* Preview Assets.xcassets */; };
		57CAAC632A45A97D000B1F56 /* SlickUITests.swift in Sources */ = {isa = PBXBuildFile; fileRef = 57CAAC622A45A97D000B1F56 /* SlickUITests.swift */; };
		57CAAC6D2A45A97D000B1F56 /* SlickUIUITests.swift in Sources */ = {isa = PBXBuildFile; fileRef = 57CAAC6C2A45A97D000B1F56 /* SlickUIUITests.swift */; };
		57CAAC6F2A45A97D000B1F56 /* SlickUIUITestsLaunchTests.swift in Sources */ = {isa = PBXBuildFile; fileRef = 57CAAC6E2A45A97D000B1F56 /* SlickUIUITestsLaunchTests.swift */; };
/* End PBXBuildFile section */

/* Begin PBXContainerItemProxy section */
		57CAAC5F2A45A97D000B1F56 /* PBXContainerItemProxy */ = {
			isa = PBXContainerItemProxy;
			containerPortal = 57CAAC462A45A97B000B1F56 /* Project object */;
			proxyType = 1;
			remoteGlobalIDString = 57CAAC4D2A45A97B000B1F56;
			remoteInfo = SlickUI;
		};
		57CAAC692A45A97D000B1F56 /* PBXContainerItemProxy */ = {
			isa = PBXContainerItemProxy;
			containerPortal = 57CAAC462A45A97B000B1F56 /* Project object */;
			proxyType = 1;
			remoteGlobalIDString = 57CAAC4D2A45A97B000B1F56;
			remoteInfo = SlickUI;
		};
/* End PBXContainerItemProxy section */

/* Begin PBXFileReference section */
		570AF5EE2A4C47480085A64A /* CustomTextField.swift */ = {isa = PBXFileReference; lastKnownFileType = sourcecode.swift; path = CustomTextField.swift; sourceTree = "<group>"; };
		57202AA62A5491A80063D393 /* ProfileView.swift */ = {isa = PBXFileReference; lastKnownFileType = sourcecode.swift; path = ProfileView.swift; sourceTree = "<group>"; };
		5729FD102A52ED2E0064198B /* SideMenu.swift */ = {isa = PBXFileReference; lastKnownFileType = sourcecode.swift; path = SideMenu.swift; sourceTree = "<group>"; };
		5729FD132A52EDE90064198B /* HomeView.swift */ = {isa = PBXFileReference; lastKnownFileType = sourcecode.swift; path = HomeView.swift; sourceTree = "<group>"; };
		5729FD152A531EAC0064198B /* GroupsView.swift */ = {isa = PBXFileReference; lastKnownFileType = sourcecode.swift; path = GroupsView.swift; sourceTree = "<group>"; };
		572B56C62A49A86A00B36DE9 /* CustomFont.swift */ = {isa = PBXFileReference; lastKnownFileType = sourcecode.swift; path = CustomFont.swift; sourceTree = "<group>"; };
		574665BD2A4EEF600059F0B4 /* TabBar.swift */ = {isa = PBXFileReference; lastKnownFileType = sourcecode.swift; path = TabBar.swift; sourceTree = "<group>"; };
		574665BF2A4F0EDB0059F0B4 /* ContentView.swift */ = {isa = PBXFileReference; lastKnownFileType = sourcecode.swift; path = ContentView.swift; sourceTree = "<group>"; };
		5784DF842A49E1780098891C /* Poppins-Bold.ttf */ = {isa = PBXFileReference; lastKnownFileType = file; path = "Poppins-Bold.ttf"; sourceTree = "<group>"; };
		5784DF852A49E1780098891C /* Inter-SemiBold.ttf */ = {isa = PBXFileReference; lastKnownFileType = file; path = "Inter-SemiBold.ttf"; sourceTree = "<group>"; };
		5784DF862A49E1780098891C /* Inter-Regular.ttf */ = {isa = PBXFileReference; lastKnownFileType = file; path = "Inter-Regular.ttf"; sourceTree = "<group>"; };
		5784DF8A2A49E2DB0098891C /* Info.plist */ = {isa = PBXFileReference; lastKnownFileType = text.plist; path = Info.plist; sourceTree = "<group>"; };
		57CAAC4E2A45A97B000B1F56 /* SlickUI.app */ = {isa = PBXFileReference; explicitFileType = wrapper.application; includeInIndex = 0; path = SlickUI.app; sourceTree = BUILT_PRODUCTS_DIR; };
		57CAAC512A45A97B000B1F56 /* SlickUIApp.swift */ = {isa = PBXFileReference; lastKnownFileType = sourcecode.swift; path = SlickUIApp.swift; sourceTree = "<group>"; };
		57CAAC552A45A97C000B1F56 /* Assets.xcassets */ = {isa = PBXFileReference; lastKnownFileType = folder.assetcatalog; path = Assets.xcassets; sourceTree = "<group>"; };
		57CAAC582A45A97C000B1F56 /* Preview Assets.xcassets */ = {isa = PBXFileReference; lastKnownFileType = folder.assetcatalog; path = "Preview Assets.xcassets"; sourceTree = "<group>"; };
		57CAAC5E2A45A97D000B1F56 /* SlickUITests.xctest */ = {isa = PBXFileReference; explicitFileType = wrapper.cfbundle; includeInIndex = 0; path = SlickUITests.xctest; sourceTree = BUILT_PRODUCTS_DIR; };
		57CAAC622A45A97D000B1F56 /* SlickUITests.swift */ = {isa = PBXFileReference; lastKnownFileType = sourcecode.swift; path = SlickUITests.swift; sourceTree = "<group>"; };
		57CAAC682A45A97D000B1F56 /* SlickUIUITests.xctest */ = {isa = PBXFileReference; explicitFileType = wrapper.cfbundle; includeInIndex = 0; path = SlickUIUITests.xctest; sourceTree = BUILT_PRODUCTS_DIR; };
		57CAAC6C2A45A97D000B1F56 /* SlickUIUITests.swift */ = {isa = PBXFileReference; lastKnownFileType = sourcecode.swift; path = SlickUIUITests.swift; sourceTree = "<group>"; };
		57CAAC6E2A45A97D000B1F56 /* SlickUIUITestsLaunchTests.swift */ = {isa = PBXFileReference; lastKnownFileType = sourcecode.swift; path = SlickUIUITestsLaunchTests.swift; sourceTree = "<group>"; };
/* End PBXFileReference section */

/* Begin PBXFrameworksBuildPhase section */
		57CAAC4B2A45A97B000B1F56 /* Frameworks */ = {
			isa = PBXFrameworksBuildPhase;
			buildActionMask = 2147483647;
			files = (
			);
			runOnlyForDeploymentPostprocessing = 0;
		};
		57CAAC5B2A45A97D000B1F56 /* Frameworks */ = {
			isa = PBXFrameworksBuildPhase;
			buildActionMask = 2147483647;
			files = (
			);
			runOnlyForDeploymentPostprocessing = 0;
		};
		57CAAC652A45A97D000B1F56 /* Frameworks */ = {
			isa = PBXFrameworksBuildPhase;
			buildActionMask = 2147483647;
			files = (
			);
			runOnlyForDeploymentPostprocessing = 0;
		};
/* End PBXFrameworksBuildPhase section */

/* Begin PBXGroup section */
		5729FD122A52EDA60064198B /* Components */ = {
			isa = PBXGroup;
			children = (
				572B56C62A49A86A00B36DE9 /* CustomFont.swift */,
				570AF5EE2A4C47480085A64A /* CustomTextField.swift */,
				574665BD2A4EEF600059F0B4 /* TabBar.swift */,
				5729FD102A52ED2E0064198B /* SideMenu.swift */,
			);
			path = Components;
			sourceTree = "<group>";
		};
		572B56C82A49B16000B36DE9 /* Fonts */ = {
			isa = PBXGroup;
			children = (
				5784DF862A49E1780098891C /* Inter-Regular.ttf */,
				5784DF852A49E1780098891C /* Inter-SemiBold.ttf */,
				5784DF842A49E1780098891C /* Poppins-Bold.ttf */,
			);
			path = Fonts;
			sourceTree = "<group>";
		};
		57CAAC452A45A97B000B1F56 = {
			isa = PBXGroup;
			children = (
				57CAAC502A45A97B000B1F56 /* SlickUI */,
				57CAAC612A45A97D000B1F56 /* SlickUITests */,
				57CAAC6B2A45A97D000B1F56 /* SlickUIUITests */,
				57CAAC4F2A45A97B000B1F56 /* Products */,
			);
			sourceTree = "<group>";
		};
		57CAAC4F2A45A97B000B1F56 /* Products */ = {
			isa = PBXGroup;
			children = (
				57CAAC4E2A45A97B000B1F56 /* SlickUI.app */,
				57CAAC5E2A45A97D000B1F56 /* SlickUITests.xctest */,
				57CAAC682A45A97D000B1F56 /* SlickUIUITests.xctest */,
			);
			name = Products;
			sourceTree = "<group>";
		};
		57CAAC502A45A97B000B1F56 /* SlickUI */ = {
			isa = PBXGroup;
			children = (
				5784DF8A2A49E2DB0098891C /* Info.plist */,
				57CAAC552A45A97C000B1F56 /* Assets.xcassets */,
				57CAAC512A45A97B000B1F56 /* SlickUIApp.swift */,
				5729FD122A52EDA60064198B /* Components */,
				57DB91192A4F1DD1004353AD /* Views */,
				572B56C82A49B16000B36DE9 /* Fonts */,
				57CAAC572A45A97C000B1F56 /* Preview Content */,
			);
			path = SlickUI;
			sourceTree = "<group>";
		};
		57CAAC572A45A97C000B1F56 /* Preview Content */ = {
			isa = PBXGroup;
			children = (
				57CAAC582A45A97C000B1F56 /* Preview Assets.xcassets */,
			);
			path = "Preview Content";
			sourceTree = "<group>";
		};
		57CAAC612A45A97D000B1F56 /* SlickUITests */ = {
			isa = PBXGroup;
			children = (
				57CAAC622A45A97D000B1F56 /* SlickUITests.swift */,
			);
			path = SlickUITests;
			sourceTree = "<group>";
		};
		57CAAC6B2A45A97D000B1F56 /* SlickUIUITests */ = {
			isa = PBXGroup;
			children = (
				57CAAC6C2A45A97D000B1F56 /* SlickUIUITests.swift */,
				57CAAC6E2A45A97D000B1F56 /* SlickUIUITestsLaunchTests.swift */,
			);
			path = SlickUIUITests;
			sourceTree = "<group>";
		};
		57DB91192A4F1DD1004353AD /* Views */ = {
			isa = PBXGroup;
			children = (
				574665BF2A4F0EDB0059F0B4 /* ContentView.swift */,
				5729FD132A52EDE90064198B /* HomeView.swift */,
				5729FD152A531EAC0064198B /* GroupsView.swift */,
				57202AA62A5491A80063D393 /* ProfileView.swift */,
			);
			path = Views;
			sourceTree = "<group>";
		};
/* End PBXGroup section */

/* Begin PBXNativeTarget section */
		57CAAC4D2A45A97B000B1F56 /* SlickUI */ = {
			isa = PBXNativeTarget;
			buildConfigurationList = 57CAAC722A45A97D000B1F56 /* Build configuration list for PBXNativeTarget "SlickUI" */;
			buildPhases = (
				57CAAC4A2A45A97B000B1F56 /* Sources */,
				57CAAC4B2A45A97B000B1F56 /* Frameworks */,
				57CAAC4C2A45A97B000B1F56 /* Resources */,
			);
			buildRules = (
			);
			dependencies = (
			);
			name = SlickUI;
			packageProductDependencies = (
			);
			productName = SlickUI;
			productReference = 57CAAC4E2A45A97B000B1F56 /* SlickUI.app */;
			productType = "com.apple.product-type.application";
		};
		57CAAC5D2A45A97D000B1F56 /* SlickUITests */ = {
			isa = PBXNativeTarget;
			buildConfigurationList = 57CAAC752A45A97D000B1F56 /* Build configuration list for PBXNativeTarget "SlickUITests" */;
			buildPhases = (
				57CAAC5A2A45A97D000B1F56 /* Sources */,
				57CAAC5B2A45A97D000B1F56 /* Frameworks */,
				57CAAC5C2A45A97D000B1F56 /* Resources */,
			);
			buildRules = (
			);
			dependencies = (
				57CAAC602A45A97D000B1F56 /* PBXTargetDependency */,
			);
			name = SlickUITests;
			productName = SlickUITests;
			productReference = 57CAAC5E2A45A97D000B1F56 /* SlickUITests.xctest */;
			productType = "com.apple.product-type.bundle.unit-test";
		};
		57CAAC672A45A97D000B1F56 /* SlickUIUITests */ = {
			isa = PBXNativeTarget;
			buildConfigurationList = 57CAAC782A45A97D000B1F56 /* Build configuration list for PBXNativeTarget "SlickUIUITests" */;
			buildPhases = (
				57CAAC642A45A97D000B1F56 /* Sources */,
				57CAAC652A45A97D000B1F56 /* Frameworks */,
				57CAAC662A45A97D000B1F56 /* Resources */,
			);
			buildRules = (
			);
			dependencies = (
				57CAAC6A2A45A97D000B1F56 /* PBXTargetDependency */,
			);
			name = SlickUIUITests;
			productName = SlickUIUITests;
			productReference = 57CAAC682A45A97D000B1F56 /* SlickUIUITests.xctest */;
			productType = "com.apple.product-type.bundle.ui-testing";
		};
/* End PBXNativeTarget section */

/* Begin PBXProject section */
		57CAAC462A45A97B000B1F56 /* Project object */ = {
			isa = PBXProject;
			attributes = {
				BuildIndependentTargetsInParallel = 1;
				LastSwiftUpdateCheck = 1420;
				LastUpgradeCheck = 1420;
				TargetAttributes = {
					57CAAC4D2A45A97B000B1F56 = {
						CreatedOnToolsVersion = 14.2;
					};
					57CAAC5D2A45A97D000B1F56 = {
						CreatedOnToolsVersion = 14.2;
						TestTargetID = 57CAAC4D2A45A97B000B1F56;
					};
					57CAAC672A45A97D000B1F56 = {
						CreatedOnToolsVersion = 14.2;
						TestTargetID = 57CAAC4D2A45A97B000B1F56;
					};
				};
			};
			buildConfigurationList = 57CAAC492A45A97B000B1F56 /* Build configuration list for PBXProject "SlickUI" */;
			compatibilityVersion = "Xcode 14.0";
			developmentRegion = en;
			hasScannedForEncodings = 0;
			knownRegions = (
				en,
				Base,
			);
			mainGroup = 57CAAC452A45A97B000B1F56;
			packageReferences = (
			);
			productRefGroup = 57CAAC4F2A45A97B000B1F56 /* Products */;
			projectDirPath = "";
			projectRoot = "";
			targets = (
				57CAAC4D2A45A97B000B1F56 /* SlickUI */,
				57CAAC5D2A45A97D000B1F56 /* SlickUITests */,
				57CAAC672A45A97D000B1F56 /* SlickUIUITests */,
			);
		};
/* End PBXProject section */

/* Begin PBXResourcesBuildPhase section */
		57CAAC4C2A45A97B000B1F56 /* Resources */ = {
			isa = PBXResourcesBuildPhase;
			buildActionMask = 2147483647;
			files = (
				57CAAC592A45A97C000B1F56 /* Preview Assets.xcassets in Resources */,
				5784DF882A49E1780098891C /* Inter-SemiBold.ttf in Resources */,
				57CAAC562A45A97C000B1F56 /* Assets.xcassets in Resources */,
				5784DF872A49E1780098891C /* Poppins-Bold.ttf in Resources */,
				5784DF892A49E1780098891C /* Inter-Regular.ttf in Resources */,
			);
			runOnlyForDeploymentPostprocessing = 0;
		};
		57CAAC5C2A45A97D000B1F56 /* Resources */ = {
			isa = PBXResourcesBuildPhase;
			buildActionMask = 2147483647;
			files = (
			);
			runOnlyForDeploymentPostprocessing = 0;
		};
		57CAAC662A45A97D000B1F56 /* Resources */ = {
			isa = PBXResourcesBuildPhase;
			buildActionMask = 2147483647;
			files = (
			);
			runOnlyForDeploymentPostprocessing = 0;
		};
/* End PBXResourcesBuildPhase section */

/* Begin PBXSourcesBuildPhase section */
		57CAAC4A2A45A97B000B1F56 /* Sources */ = {
			isa = PBXSourcesBuildPhase;
			buildActionMask = 2147483647;
			files = (
				5729FD142A52EDE90064198B /* HomeView.swift in Sources */,
				572B56C72A49A86A00B36DE9 /* CustomFont.swift in Sources */,
				574665C02A4F0EDB0059F0B4 /* ContentView.swift in Sources */,
				5729FD162A531EAC0064198B /* GroupsView.swift in Sources */,
				5729FD112A52ED2E0064198B /* SideMenu.swift in Sources */,
				570AF5EF2A4C47480085A64A /* CustomTextField.swift in Sources */,
				574665BE2A4EEF600059F0B4 /* TabBar.swift in Sources */,
				57CAAC522A45A97B000B1F56 /* SlickUIApp.swift in Sources */,
				57202AA72A5491A80063D393 /* ProfileView.swift in Sources */,
			);
			runOnlyForDeploymentPostprocessing = 0;
		};
		57CAAC5A2A45A97D000B1F56 /* Sources */ = {
			isa = PBXSourcesBuildPhase;
			buildActionMask = 2147483647;
			files = (
				57CAAC632A45A97D000B1F56 /* SlickUITests.swift in Sources */,
			);
			runOnlyForDeploymentPostprocessing = 0;
		};
		57CAAC642A45A97D000B1F56 /* Sources */ = {
			isa = PBXSourcesBuildPhase;
			buildActionMask = 2147483647;
			files = (
				57CAAC6D2A45A97D000B1F56 /* SlickUIUITests.swift in Sources */,
				57CAAC6F2A45A97D000B1F56 /* SlickUIUITestsLaunchTests.swift in Sources */,
			);
			runOnlyForDeploymentPostprocessing = 0;
		};
/* End PBXSourcesBuildPhase section */

/* Begin PBXTargetDependency section */
		57CAAC602A45A97D000B1F56 /* PBXTargetDependency */ = {
			isa = PBXTargetDependency;
			target = 57CAAC4D2A45A97B000B1F56 /* SlickUI */;
			targetProxy = 57CAAC5F2A45A97D000B1F56 /* PBXContainerItemProxy */;
		};
		57CAAC6A2A45A97D000B1F56 /* PBXTargetDependency */ = {
			isa = PBXTargetDependency;
			target = 57CAAC4D2A45A97B000B1F56 /* SlickUI */;
			targetProxy = 57CAAC692A45A97D000B1F56 /* PBXContainerItemProxy */;
		};
/* End PBXTargetDependency section */

/* Begin XCBuildConfiguration section */
		57CAAC702A45A97D000B1F56 /* Debug */ = {
			isa = XCBuildConfiguration;
			buildSettings = {
				ALWAYS_SEARCH_USER_PATHS = NO;
				CLANG_ANALYZER_NONNULL = YES;
				CLANG_ANALYZER_NUMBER_OBJECT_CONVERSION = YES_AGGRESSIVE;
				CLANG_CXX_LANGUAGE_STANDARD = "gnu++20";
				CLANG_ENABLE_MODULES = YES;
				CLANG_ENABLE_OBJC_ARC = YES;
				CLANG_ENABLE_OBJC_WEAK = YES;
				CLANG_WARN_BLOCK_CAPTURE_AUTORELEASING = YES;
				CLANG_WARN_BOOL_CONVERSION = YES;
				CLANG_WARN_COMMA = YES;
				CLANG_WARN_CONSTANT_CONVERSION = YES;
				CLANG_WARN_DEPRECATED_OBJC_IMPLEMENTATIONS = YES;
				CLANG_WARN_DIRECT_OBJC_ISA_USAGE = YES_ERROR;
				CLANG_WARN_DOCUMENTATION_COMMENTS = YES;
				CLANG_WARN_EMPTY_BODY = YES;
				CLANG_WARN_ENUM_CONVERSION = YES;
				CLANG_WARN_INFINITE_RECURSION = YES;
				CLANG_WARN_INT_CONVERSION = YES;
				CLANG_WARN_NON_LITERAL_NULL_CONVERSION = YES;
				CLANG_WARN_OBJC_IMPLICIT_RETAIN_SELF = YES;
				CLANG_WARN_OBJC_LITERAL_CONVERSION = YES;
				CLANG_WARN_OBJC_ROOT_CLASS = YES_ERROR;
				CLANG_WARN_QUOTED_INCLUDE_IN_FRAMEWORK_HEADER = YES;
				CLANG_WARN_RANGE_LOOP_ANALYSIS = YES;
				CLANG_WARN_STRICT_PROTOTYPES = YES;
				CLANG_WARN_SUSPICIOUS_MOVE = YES;
				CLANG_WARN_UNGUARDED_AVAILABILITY = YES_AGGRESSIVE;
				CLANG_WARN_UNREACHABLE_CODE = YES;
				CLANG_WARN__DUPLICATE_METHOD_MATCH = YES;
				COPY_PHASE_STRIP = NO;
				DEBUG_INFORMATION_FORMAT = dwarf;
				ENABLE_STRICT_OBJC_MSGSEND = YES;
				ENABLE_TESTABILITY = YES;
				GCC_C_LANGUAGE_STANDARD = gnu11;
				GCC_DYNAMIC_NO_PIC = NO;
				GCC_NO_COMMON_BLOCKS = YES;
				GCC_OPTIMIZATION_LEVEL = 0;
				GCC_PREPROCESSOR_DEFINITIONS = (
					"DEBUG=1",
					"$(inherited)",
				);
				GCC_WARN_64_TO_32_BIT_CONVERSION = YES;
				GCC_WARN_ABOUT_RETURN_TYPE = YES_ERROR;
				GCC_WARN_UNDECLARED_SELECTOR = YES;
				GCC_WARN_UNINITIALIZED_AUTOS = YES_AGGRESSIVE;
				GCC_WARN_UNUSED_FUNCTION = YES;
				GCC_WARN_UNUSED_VARIABLE = YES;
				IPHONEOS_DEPLOYMENT_TARGET = 16.2;
				MTL_ENABLE_DEBUG_INFO = INCLUDE_SOURCE;
				MTL_FAST_MATH = YES;
				ONLY_ACTIVE_ARCH = YES;
				SDKROOT = iphoneos;
				SWIFT_ACTIVE_COMPILATION_CONDITIONS = DEBUG;
				SWIFT_OPTIMIZATION_LEVEL = "-Onone";
			};
			name = Debug;
		};
		57CAAC712A45A97D000B1F56 /* Release */ = {
			isa = XCBuildConfiguration;
			buildSettings = {
				ALWAYS_SEARCH_USER_PATHS = NO;
				CLANG_ANALYZER_NONNULL = YES;
				CLANG_ANALYZER_NUMBER_OBJECT_CONVERSION = YES_AGGRESSIVE;
				CLANG_CXX_LANGUAGE_STANDARD = "gnu++20";
				CLANG_ENABLE_MODULES = YES;
				CLANG_ENABLE_OBJC_ARC = YES;
				CLANG_ENABLE_OBJC_WEAK = YES;
				CLANG_WARN_BLOCK_CAPTURE_AUTORELEASING = YES;
				CLANG_WARN_BOOL_CONVERSION = YES;
				CLANG_WARN_COMMA = YES;
				CLANG_WARN_CONSTANT_CONVERSION = YES;
				CLANG_WARN_DEPRECATED_OBJC_IMPLEMENTATIONS = YES;
				CLANG_WARN_DIRECT_OBJC_ISA_USAGE = YES_ERROR;
				CLANG_WARN_DOCUMENTATION_COMMENTS = YES;
				CLANG_WARN_EMPTY_BODY = YES;
				CLANG_WARN_ENUM_CONVERSION = YES;
				CLANG_WARN_INFINITE_RECURSION = YES;
				CLANG_WARN_INT_CONVERSION = YES;
				CLANG_WARN_NON_LITERAL_NULL_CONVERSION = YES;
				CLANG_WARN_OBJC_IMPLICIT_RETAIN_SELF = YES;
				CLANG_WARN_OBJC_LITERAL_CONVERSION = YES;
				CLANG_WARN_OBJC_ROOT_CLASS = YES_ERROR;
				CLANG_WARN_QUOTED_INCLUDE_IN_FRAMEWORK_HEADER = YES;
				CLANG_WARN_RANGE_LOOP_ANALYSIS = YES;
				CLANG_WARN_STRICT_PROTOTYPES = YES;
				CLANG_WARN_SUSPICIOUS_MOVE = YES;
				CLANG_WARN_UNGUARDED_AVAILABILITY = YES_AGGRESSIVE;
				CLANG_WARN_UNREACHABLE_CODE = YES;
				CLANG_WARN__DUPLICATE_METHOD_MATCH = YES;
				COPY_PHASE_STRIP = NO;
				DEBUG_INFORMATION_FORMAT = "dwarf-with-dsym";
				ENABLE_NS_ASSERTIONS = NO;
				ENABLE_STRICT_OBJC_MSGSEND = YES;
				GCC_C_LANGUAGE_STANDARD = gnu11;
				GCC_NO_COMMON_BLOCKS = YES;
				GCC_WARN_64_TO_32_BIT_CONVERSION = YES;
				GCC_WARN_ABOUT_RETURN_TYPE = YES_ERROR;
				GCC_WARN_UNDECLARED_SELECTOR = YES;
				GCC_WARN_UNINITIALIZED_AUTOS = YES_AGGRESSIVE;
				GCC_WARN_UNUSED_FUNCTION = YES;
				GCC_WARN_UNUSED_VARIABLE = YES;
				IPHONEOS_DEPLOYMENT_TARGET = 16.2;
				MTL_ENABLE_DEBUG_INFO = NO;
				MTL_FAST_MATH = YES;
				SDKROOT = iphoneos;
				SWIFT_COMPILATION_MODE = wholemodule;
				SWIFT_OPTIMIZATION_LEVEL = "-O";
				VALIDATE_PRODUCT = YES;
			};
			name = Release;
		};
		57CAAC732A45A97D000B1F56 /* Debug */ = {
			isa = XCBuildConfiguration;
			buildSettings = {
				ASSETCATALOG_COMPILER_APPICON_NAME = AppIcon;
				ASSETCATALOG_COMPILER_GLOBAL_ACCENT_COLOR_NAME = AccentColor;
				CODE_SIGN_STYLE = Automatic;
				CURRENT_PROJECT_VERSION = 1;
				DEVELOPMENT_ASSET_PATHS = "\"SlickUI/Preview Content\"";
				ENABLE_PREVIEWS = YES;
				GENERATE_INFOPLIST_FILE = YES;
				INFOPLIST_FILE = SlickUI/Info.plist;
				INFOPLIST_KEY_UIApplicationSceneManifest_Generation = YES;
				INFOPLIST_KEY_UIApplicationSupportsIndirectInputEvents = YES;
				INFOPLIST_KEY_UILaunchScreen_Generation = YES;
				INFOPLIST_KEY_UISupportedInterfaceOrientations_iPad = "UIInterfaceOrientationPortrait UIInterfaceOrientationPortraitUpsideDown UIInterfaceOrientationLandscapeLeft UIInterfaceOrientationLandscapeRight";
				INFOPLIST_KEY_UISupportedInterfaceOrientations_iPhone = "UIInterfaceOrientationPortrait UIInterfaceOrientationLandscapeLeft UIInterfaceOrientationLandscapeRight";
				LD_RUNPATH_SEARCH_PATHS = (
					"$(inherited)",
					"@executable_path/Frameworks",
				);
				MARKETING_VERSION = 1.0;
				PRODUCT_BUNDLE_IDENTIFIER = com.lightbringer.SlickUI;
				PRODUCT_NAME = "$(TARGET_NAME)";
				SWIFT_EMIT_LOC_STRINGS = YES;
				SWIFT_VERSION = 5.0;
				TARGETED_DEVICE_FAMILY = "1,2";
			};
			name = Debug;
		};
		57CAAC742A45A97D000B1F56 /* Release */ = {
			isa = XCBuildConfiguration;
			buildSettings = {
				ASSETCATALOG_COMPILER_APPICON_NAME = AppIcon;
				ASSETCATALOG_COMPILER_GLOBAL_ACCENT_COLOR_NAME = AccentColor;
				CODE_SIGN_STYLE = Automatic;
				CURRENT_PROJECT_VERSION = 1;
				DEVELOPMENT_ASSET_PATHS = "\"SlickUI/Preview Content\"";
				ENABLE_PREVIEWS = YES;
				GENERATE_INFOPLIST_FILE = YES;
				INFOPLIST_FILE = SlickUI/Info.plist;
				INFOPLIST_KEY_UIApplicationSceneManifest_Generation = YES;
				INFOPLIST_KEY_UIApplicationSupportsIndirectInputEvents = YES;
				INFOPLIST_KEY_UILaunchScreen_Generation = YES;
				INFOPLIST_KEY_UISupportedInterfaceOrientations_iPad = "UIInterfaceOrientationPortrait UIInterfaceOrientationPortraitUpsideDown UIInterfaceOrientationLandscapeLeft UIInterfaceOrientationLandscapeRight";
				INFOPLIST_KEY_UISupportedInterfaceOrientations_iPhone = "UIInterfaceOrientationPortrait UIInterfaceOrientationLandscapeLeft UIInterfaceOrientationLandscapeRight";
				LD_RUNPATH_SEARCH_PATHS = (
					"$(inherited)",
					"@executable_path/Frameworks",
				);
				MARKETING_VERSION = 1.0;
				PRODUCT_BUNDLE_IDENTIFIER = com.lightbringer.SlickUI;
				PRODUCT_NAME = "$(TARGET_NAME)";
				SWIFT_EMIT_LOC_STRINGS = YES;
				SWIFT_VERSION = 5.0;
				TARGETED_DEVICE_FAMILY = "1,2";
			};
			name = Release;
		};
		57CAAC762A45A97D000B1F56 /* Debug */ = {
			isa = XCBuildConfiguration;
			buildSettings = {
				ALWAYS_EMBED_SWIFT_STANDARD_LIBRARIES = YES;
				BUNDLE_LOADER = "$(TEST_HOST)";
				CODE_SIGN_STYLE = Automatic;
				CURRENT_PROJECT_VERSION = 1;
				GENERATE_INFOPLIST_FILE = YES;
				IPHONEOS_DEPLOYMENT_TARGET = 16.2;
				MARKETING_VERSION = 1.0;
				PRODUCT_BUNDLE_IDENTIFIER = com.lightbringer.SlickUITests;
				PRODUCT_NAME = "$(TARGET_NAME)";
				SWIFT_EMIT_LOC_STRINGS = NO;
				SWIFT_VERSION = 5.0;
				TARGETED_DEVICE_FAMILY = "1,2";
				TEST_HOST = "$(BUILT_PRODUCTS_DIR)/SlickUI.app/$(BUNDLE_EXECUTABLE_FOLDER_PATH)/SlickUI";
			};
			name = Debug;
		};
		57CAAC772A45A97D000B1F56 /* Release */ = {
			isa = XCBuildConfiguration;
			buildSettings = {
				ALWAYS_EMBED_SWIFT_STANDARD_LIBRARIES = YES;
				BUNDLE_LOADER = "$(TEST_HOST)";
				CODE_SIGN_STYLE = Automatic;
				CURRENT_PROJECT_VERSION = 1;
				GENERATE_INFOPLIST_FILE = YES;
				IPHONEOS_DEPLOYMENT_TARGET = 16.2;
				MARKETING_VERSION = 1.0;
				PRODUCT_BUNDLE_IDENTIFIER = com.lightbringer.SlickUITests;
				PRODUCT_NAME = "$(TARGET_NAME)";
				SWIFT_EMIT_LOC_STRINGS = NO;
				SWIFT_VERSION = 5.0;
				TARGETED_DEVICE_FAMILY = "1,2";
				TEST_HOST = "$(BUILT_PRODUCTS_DIR)/SlickUI.app/$(BUNDLE_EXECUTABLE_FOLDER_PATH)/SlickUI";
			};
			name = Release;
		};
		57CAAC792A45A97D000B1F56 /* Debug */ = {
			isa = XCBuildConfiguration;
			buildSettings = {
				ALWAYS_EMBED_SWIFT_STANDARD_LIBRARIES = YES;
				CODE_SIGN_STYLE = Automatic;
				CURRENT_PROJECT_VERSION = 1;
				GENERATE_INFOPLIST_FILE = YES;
				MARKETING_VERSION = 1.0;
				PRODUCT_BUNDLE_IDENTIFIER = com.lightbringer.SlickUIUITests;
				PRODUCT_NAME = "$(TARGET_NAME)";
				SWIFT_EMIT_LOC_STRINGS = NO;
				SWIFT_VERSION = 5.0;
				TARGETED_DEVICE_FAMILY = "1,2";
				TEST_TARGET_NAME = SlickUI;
			};
			name = Debug;
		};
		57CAAC7A2A45A97D000B1F56 /* Release */ = {
			isa = XCBuildConfiguration;
			buildSettings = {
				ALWAYS_EMBED_SWIFT_STANDARD_LIBRARIES = YES;
				CODE_SIGN_STYLE = Automatic;
				CURRENT_PROJECT_VERSION = 1;
				GENERATE_INFOPLIST_FILE = YES;
				MARKETING_VERSION = 1.0;
				PRODUCT_BUNDLE_IDENTIFIER = com.lightbringer.SlickUIUITests;
				PRODUCT_NAME = "$(TARGET_NAME)";
				SWIFT_EMIT_LOC_STRINGS = NO;
				SWIFT_VERSION = 5.0;
				TARGETED_DEVICE_FAMILY = "1,2";
				TEST_TARGET_NAME = SlickUI;
			};
			name = Release;
		};
/* End XCBuildConfiguration section */

/* Begin XCConfigurationList section */
		57CAAC492A45A97B000B1F56 /* Build configuration list for PBXProject "SlickUI" */ = {
			isa = XCConfigurationList;
			buildConfigurations = (
				57CAAC702A45A97D000B1F56 /* Debug */,
				57CAAC712A45A97D000B1F56 /* Release */,
			);
			defaultConfigurationIsVisible = 0;
			defaultConfigurationName = Release;
		};
		57CAAC722A45A97D000B1F56 /* Build configuration list for PBXNativeTarget "SlickUI" */ = {
			isa = XCConfigurationList;
			buildConfigurations = (
				57CAAC732A45A97D000B1F56 /* Debug */,
				57CAAC742A45A97D000B1F56 /* Release */,
			);
			defaultConfigurationIsVisible = 0;
			defaultConfigurationName = Release;
		};
		57CAAC752A45A97D000B1F56 /* Build configuration list for PBXNativeTarget "SlickUITests" */ = {
			isa = XCConfigurationList;
			buildConfigurations = (
				57CAAC762A45A97D000B1F56 /* Debug */,
				57CAAC772A45A97D000B1F56 /* Release */,
			);
			defaultConfigurationIsVisible = 0;
			defaultConfigurationName = Release;
		};
		57CAAC782A45A97D000B1F56 /* Build configuration list for PBXNativeTarget "SlickUIUITests" */ = {
			isa = XCConfigurationList;
			buildConfigurations = (
				57CAAC792A45A97D000B1F56 /* Debug */,
				57CAAC7A2A45A97D000B1F56 /* Release */,
			);
			defaultConfigurationIsVisible = 0;
			defaultConfigurationName = Release;
		};
/* End XCConfigurationList section */
	};
	rootObject = 57CAAC462A45A97B000B1F56 /* Project object */;
}
